
Microsoft Visual Studio Solution File, Format Version 12.00
# Visual Studio Version 16
VisualStudioVersion = 16.0.31321.278
MinimumVisualStudioVersion = 10.0.40219.1
Project("{FAE04EC0-301F-11D3-BF4B-00C04F79EFBC}") = "GameLogic", "B21 Ex05 Natanel 302381389 David 313299208\GameLogic.csproj", "{856342F9-FD70-4E33-B321-8A829C50DB2B}"
EndProject
Project("{FAE04EC0-301F-11D3-BF4B-00C04F79EFBC}") = "UIManager", "UIManager\UIManager.csproj", "{190EB853-6E61-4DEF-A65C-FE40DDE2477B}"
EndProject
Project("{FAE04EC0-301F-11D3-BF4B-00C04F79EFBC}") = "GameForms", "GameForms.cs\GameForms.csproj", "{7B595A34-71EE-4D13-A054-B4D181D9000C}"
EndProject
Project("{2150E333-8FDC-42A3-9474-1A3956D46DE8}") = "Solution Items", "Solution Items", "{C2A136CF-DACC-4395-81A7-A94C0A4DCD27}"
EndProject
Global
	GlobalSection(SolutionConfigurationPlatforms) = preSolution
		Debug|Any CPU = Debug|Any CPU
		Release|Any CPU = Release|Any CPU
	EndGlobalSection
	GlobalSection(ProjectConfigurationPlatforms) = postSolution
		{856342F9-FD70-4E33-B321-8A829C50DB2B}.Debug|Any CPU.ActiveCfg = Debug|Any CPU
		{856342F9-FD70-4E33-B321-8A829C50DB2B}.Debug|Any CPU.Build.0 = Debug|Any CPU
		{856342F9-FD70-4E33-B321-8A829C50DB2B}.Release|Any CPU.ActiveCfg = Release|Any CPU
		{856342F9-FD70-4E33-B321-8A829C50DB2B}.Release|Any CPU.Build.0 = Release|Any CPU
		{190EB853-6E61-4DEF-A65C-FE40DDE2477B}.Debug|Any CPU.ActiveCfg = Debug|Any CPU
		{190EB853-6E61-4DEF-A65C-FE40DDE2477B}.Debug|Any CPU.Build.0 = Debug|Any CPU
		{190EB853-6E61-4DEF-A65C-FE40DDE2477B}.Release|Any CPU.ActiveCfg = Release|Any CPU
		{190EB853-6E61-4DEF-A65C-FE40DDE2477B}.Release|Any CPU.Build.0 = Release|Any CPU
		{7B595A34-71EE-4D13-A054-B4D181D9000C}.Debug|Any CPU.ActiveCfg = Debug|Any CPU
		{7B595A34-71EE-4D13-A054-B4D181D9000C}.Debug|Any CPU.Build.0 = Debug|Any CPU
		{7B595A34-71EE-4D13-A054-B4D181D9000C}.Release|Any CPU.ActiveCfg = Release|Any CPU
		{7B595A34-71EE-4D13-A054-B4D181D9000C}.Release|Any CPU.Build.0 = Release|Any CPU
	EndGlobalSection
	GlobalSection(SolutionProperties) = preSolution
		HideSolutionNode = FALSE
	EndGlobalSection
	GlobalSection(ExtensibilityGlobals) = postSolution
		SolutionGuid = {B95FD3C0-8B35-48D4-85C1-77E7A850E70A}
	EndGlobalSection
EndGlobal
